lockfileVersion: '6.0'

settings:
  autoInstallPeers: true
  excludeLinksFromLockfile: false

importers:

  example:
    dependencies:
      do-functions:
        specifier: workspace:^
        version: link:../package
      do-functions-server:
        specifier: file:..\test-server
        version: file:test-server
    devDependencies:
      '@types/node':
        specifier: ^18.0.0
        version: 18.17.6
      typescript:
        specifier: ^4.7.4
        version: 4.9.5

  package:
    dependencies:
      '@fastify/error':
        specifier: ^3.0.0
        version: 3.3.0
      '@rollup/plugin-commonjs':
        specifier: ^25.0.4
        version: 25.0.4(rollup@3.28.0)
      '@rollup/plugin-node-resolve':
        specifier: ^15.2.0
        version: 15.2.0(rollup@3.28.0)
      '@rollup/plugin-terser':
        specifier: ^0.4.3
        version: 0.4.3(rollup@3.28.0)
      '@rollup/plugin-typescript':
        specifier: ^11.1.2
        version: 11.1.2(rollup@3.28.0)(tslib@2.6.2)(typescript@4.9.5)
      esbuild:
        specifier: ^0.15.9
        version: 0.15.18
      jsonschema:
        specifier: ^1.4.1
        version: 1.4.1
      rollup:
        specifier: ^3.28.0
        version: 3.28.0
      terser:
        specifier: ^5.19.2
        version: 5.19.2
      tslib:
        specifier: ^2.6.2
        version: 2.6.2
      yaml:
        specifier: ^2.1.1
        version: 2.3.1
    devDependencies:
      '@types/node':
        specifier: ^18.0.0
        version: 18.17.6
      typescript:
        specifier: ^4.7.4
        version: 4.9.5

  test-server:
    dependencies:
      yaml:
        specifier: ^2.1.1
        version: 2.3.1
    devDependencies:
      '@types/node':
        specifier: ^18.0.0
        version: 18.17.6
      typescript:
        specifier: ^4.7.4
        version: 4.9.5

packages:

  /@esbuild/android-arm@0.15.18:
    resolution: { integrity: sha512-5GT+kcs2WVGjVs7+boataCkO5Fg0y4kCjzkB5bAip7H4jfnOS3dA6KPiww9W1OEKTKeAcUVhdZGvgI65OXmUnw== }
    engines: { node: '>=12' }
    cpu: [ arm ]
    os: [ android ]
    requiresBuild: true
    dev: false
    optional: true

  /@esbuild/linux-loong64@0.15.18:
    resolution: { integrity: sha512-L4jVKS82XVhw2nvzLg/19ClLWg0y27ulRwuP7lcyL6AbUWB5aPglXY3M21mauDQMDfRLs8cQmeT03r/+X3cZYQ== }
    engines: { node: '>=12' }
    cpu: [ loong64 ]
    os: [ linux ]
    requiresBuild: true
    dev: false
    optional: true

  /@fastify/error@3.3.0:
    resolution: { integrity: sha512-dj7vjIn1Ar8sVXj2yAXiMNCJDmS9MQ9XMlIecX2dIzzhjSHCyKo4DdXjXMs7wKW2kj6yvVRSpuQjOZ3YLrh56w== }
    dev: false

  /@jridgewell/gen-mapping@0.3.3:
    resolution: { integrity: sha512-HLhSWOLRi875zjjMG/r+Nv0oCW8umGb0BgEhyX3dDX3egwZtB8PqLnjz3yedt8R5StBrzcg4aBpnh8UA9D1BoQ== }
    engines: { node: '>=6.0.0' }
    dependencies:
      '@jridgewell/set-array': 1.1.2
      '@jridgewell/sourcemap-codec': 1.4.15
      '@jridgewell/trace-mapping': 0.3.19
    dev: false

  /@jridgewell/resolve-uri@3.1.1:
    resolution: { integrity: sha512-dSYZh7HhCDtCKm4QakX0xFpsRDqjjtZf/kjI/v3T3Nwt5r8/qz/M19F9ySyOqU94SXBmeG9ttTul+YnR4LOxFA== }
    engines: { node: '>=6.0.0' }
    dev: false

  /@jridgewell/set-array@1.1.2:
    resolution: { integrity: sha512-xnkseuNADM0gt2bs+BvhO0p78Mk762YnZdsuzFV018NoG1Sj1SCQvpSqa7XUaTam5vAGasABV9qXASMKnFMwMw== }
    engines: { node: '>=6.0.0' }
    dev: false

  /@jridgewell/source-map@0.3.5:
    resolution: { integrity: sha512-UTYAUj/wviwdsMfzoSJspJxbkH5o1snzwX0//0ENX1u/55kkZZkcTZP6u9bwKGkv+dkk9at4m1Cpt0uY80kcpQ== }
    dependencies:
      '@jridgewell/gen-mapping': 0.3.3
      '@jridgewell/trace-mapping': 0.3.19
    dev: false

  /@jridgewell/sourcemap-codec@1.4.15:
    resolution: { integrity: sha512-eF2rxCRulEKXHTRiDrDy6erMYWqNw4LPdQ8UQA4huuxaQsVeRPFl2oM8oDGxMFhJUWZf9McpLtJasDDZb/Bpeg== }
    dev: false

  /@jridgewell/trace-mapping@0.3.19:
    resolution: { integrity: sha512-kf37QtfW+Hwx/buWGMPcR60iF9ziHa6r/CZJIHbmcm4+0qrXiVdxegAH0F6yddEVQ7zdkjcGCgCzUu+BcbhQxw== }
    dependencies:
      '@jridgewell/resolve-uri': 3.1.1
      '@jridgewell/sourcemap-codec': 1.4.15
    dev: false

  /@rollup/plugin-commonjs@25.0.4(rollup@3.28.0):
    resolution: { integrity: sha512-L92Vz9WUZXDnlQQl3EwbypJR4+DM2EbsO+/KOcEkP4Mc6Ct453EeDB2uH9lgRwj4w5yflgNpq9pHOiY8aoUXBQ== }
    engines: { node: '>=14.0.0' }
    peerDependencies:
      rollup: ^2.68.0||^3.0.0
    peerDependenciesMeta:
      rollup:
        optional: true
    dependencies:
      '@rollup/pluginutils': 5.0.3(rollup@3.28.0)
      commondir: 1.0.1
      estree-walker: 2.0.2
      glob: 8.1.0
      is-reference: 1.2.1
      magic-string: 0.27.0
      rollup: 3.28.0
    dev: false

  /@rollup/plugin-node-resolve@15.2.0(rollup@3.28.0):
    resolution: { integrity: sha512-mKur03xNGT8O9ODO6FtT43ITGqHWZbKPdVJHZb+iV9QYcdlhUUB0wgknvA4KCUmC5oHJF6O2W1EgmyOQyVUI4Q== }
    engines: { node: '>=14.0.0' }
    peerDependencies:
      rollup: ^2.78.0||^3.0.0
    peerDependenciesMeta:
      rollup:
        optional: true
    dependencies:
      '@rollup/pluginutils': 5.0.3(rollup@3.28.0)
      '@types/resolve': 1.20.2
      deepmerge: 4.3.1
      is-builtin-module: 3.2.1
      is-module: 1.0.0
      resolve: 1.22.4
      rollup: 3.28.0
    dev: false

  /@rollup/plugin-terser@0.4.3(rollup@3.28.0):
    resolution: { integrity: sha512-EF0oejTMtkyhrkwCdg0HJ0IpkcaVg1MMSf2olHb2Jp+1mnLM04OhjpJWGma4HobiDTF0WCyViWuvadyE9ch2XA== }
    engines: { node: '>=14.0.0' }
    peerDependencies:
      rollup: ^2.x || ^3.x
    peerDependenciesMeta:
      rollup:
        optional: true
    dependencies:
      rollup: 3.28.0
      serialize-javascript: 6.0.1
      smob: 1.4.0
      terser: 5.19.2
    dev: false

  /@rollup/plugin-typescript@11.1.2(rollup@3.28.0)(tslib@2.6.2)(typescript@4.9.5):
    resolution: { integrity: sha512-0ghSOCMcA7fl1JM+0gYRf+Q/HWyg+zg7/gDSc+fRLmlJWcW5K1I+CLRzaRhXf4Y3DRyPnnDo4M2ktw+a6JcDEg== }
    engines: { node: '>=14.0.0' }
    peerDependencies:
      rollup: ^2.14.0||^3.0.0
      tslib: '*'
      typescript: '>=3.7.0'
    peerDependenciesMeta:
      rollup:
        optional: true
      tslib:
        optional: true
    dependencies:
      '@rollup/pluginutils': 5.0.3(rollup@3.28.0)
      resolve: 1.22.4
      rollup: 3.28.0
      tslib: 2.6.2
      typescript: 4.9.5
    dev: false

  /@rollup/pluginutils@5.0.3(rollup@3.28.0):
    resolution: { integrity: sha512-hfllNN4a80rwNQ9QCxhxuHCGHMAvabXqxNdaChUSSadMre7t4iEUI6fFAhBOn/eIYTgYVhBv7vCLsAJ4u3lf3g== }
    engines: { node: '>=14.0.0' }
    peerDependencies:
      rollup: ^1.20.0||^2.0.0||^3.0.0
    peerDependenciesMeta:
      rollup:
        optional: true
    dependencies:
      '@types/estree': 1.0.1
      estree-walker: 2.0.2
      picomatch: 2.3.1
      rollup: 3.28.0
    dev: false

  /@types/estree@1.0.1:
    resolution: { integrity: sha512-LG4opVs2ANWZ1TJoKc937iMmNstM/d0ae1vNbnBvBhqCSezgVUOzcLCqbI5elV8Vy6WKwKjaqR+zO9VKirBBCA== }
    dev: false

  /@types/node@18.17.6:
    resolution: { integrity: sha512-fGmT/P7z7ecA6bv/ia5DlaWCH4YeZvAQMNpUhrJjtAhOhZfoxS1VLUgU2pdk63efSjQaOJWdXMuAJsws+8I6dg== }
    dev: true

  /@types/resolve@1.20.2:
    resolution: { integrity: sha512-60BCwRFOZCQhDncwQdxxeOEEkbc5dIMccYLwbxsS4TUNeVECQ/pBJ0j09mrHOl/JJvpRPGwO9SvE4nR2Nb/a4Q== }
    dev: false

  /acorn@8.10.0:
    resolution: { integrity: sha512-F0SAmZ8iUtS//m8DmCTA0jlh6TDKkHQyK6xc6V4KDTyZKA9dnvX9/3sRTVQrWm79glUAZbnmmNcdYwUIHWVybw== }
    engines: { node: '>=0.4.0' }
    hasBin: true
    dev: false

  /balanced-match@1.0.2:
    resolution: { integrity: sha512-3oSeUO0TMV67hN1AmbXsK4yaqU7tjiHlbxRDZOpH0KW9+CeX4bRAaX0Anxt0tx2MrpRpWwQaPwIlISEJhYU5Pw== }
    dev: false

  /brace-expansion@2.0.1:
    resolution: { integrity: sha512-XnAIvQ8eM+kC6aULx6wuQiwVsnzsi9d3WxzV3FpWTGA19F621kwdbsAcFKXgKUHZWsy+mY6iL1sHTxWEFCytDA== }
    dependencies:
      balanced-match: 1.0.2
    dev: false

  /buffer-from@1.1.2:
    resolution: { integrity: sha512-E+XQCRwSbaaiChtv6k6Dwgc+bx+Bs6vuKJHHl5kox/BaKbhiXzqQOwK4cO22yElGp2OCmjwVhT3HmxgyPGnJfQ== }
    dev: false

  /builtin-modules@3.3.0:
    resolution: { integrity: sha512-zhaCDicdLuWN5UbN5IMnFqNMhNfo919sH85y2/ea+5Yg9TsTkeZxpL+JLbp6cgYFS4sRLp3YV4S6yDuqVWHYOw== }
    engines: { node: '>=6' }
    dev: false

  /commander@2.20.3:
    resolution: { integrity: sha512-GpVkmM8vF2vQUkj2LvZmD35JxeJOLCwJ9cUkugyk2nuhbv3+mJvpLYYt+0+USMxE+oj+ey/lJEnhZw75x/OMcQ== }
    dev: false

  /commondir@1.0.1:
    resolution: { integrity: sha512-W9pAhw0ja1Edb5GVdIF1mjZw/ASI0AlShXM83UUGe2DVr5TdAPEA1OA8m/g8zWp9x6On7gqufY+FatDbC3MDQg== }
    dev: false

  /deepmerge@4.3.1:
    resolution: { integrity: sha512-3sUqbMEc77XqpdNO7FRyRog+eW3ph+GYCbj+rK+uYyRMuwsVy0rMiVtPn+QJlKFvWP/1PYpapqYn0Me2knFn+A== }
    engines: { node: '>=0.10.0' }
    dev: false

  /esbuild-android-64@0.15.18:
    resolution: { integrity: sha512-wnpt3OXRhcjfIDSZu9bnzT4/TNTDsOUvip0foZOUBG7QbSt//w3QV4FInVJxNhKc/ErhUxc5z4QjHtMi7/TbgA== }
    engines: { node: '>=12' }
    cpu: [ x64 ]
    os: [ android ]
    requiresBuild: true
    dev: false
    optional: true

  /esbuild-android-arm64@0.15.18:
    resolution: { integrity: sha512-G4xu89B8FCzav9XU8EjsXacCKSG2FT7wW9J6hOc18soEHJdtWu03L3TQDGf0geNxfLTtxENKBzMSq9LlbjS8OQ== }
    engines: { node: '>=12' }
    cpu: [ arm64 ]
    os: [ android ]
    requiresBuild: true
    dev: false
    optional: true

  /esbuild-darwin-64@0.15.18:
    resolution: { integrity: sha512-2WAvs95uPnVJPuYKP0Eqx+Dl/jaYseZEUUT1sjg97TJa4oBtbAKnPnl3b5M9l51/nbx7+QAEtuummJZW0sBEmg== }
    engines: { node: '>=12' }
    cpu: [ x64 ]
    os: [ darwin ]
    requiresBuild: true
    dev: false
    optional: true

  /esbuild-darwin-arm64@0.15.18:
    resolution: { integrity: sha512-tKPSxcTJ5OmNb1btVikATJ8NftlyNlc8BVNtyT/UAr62JFOhwHlnoPrhYWz09akBLHI9nElFVfWSTSRsrZiDUA== }
    engines: { node: '>=12' }
    cpu: [ arm64 ]
    os: [ darwin ]
    requiresBuild: true
    dev: false
    optional: true

  /esbuild-freebsd-64@0.15.18:
    resolution: { integrity: sha512-TT3uBUxkteAjR1QbsmvSsjpKjOX6UkCstr8nMr+q7zi3NuZ1oIpa8U41Y8I8dJH2fJgdC3Dj3CXO5biLQpfdZA== }
    engines: { node: '>=12' }
    cpu: [ x64 ]
    os: [ freebsd ]
    requiresBuild: true
    dev: false
    optional: true

  /esbuild-freebsd-arm64@0.15.18:
    resolution: { integrity: sha512-R/oVr+X3Tkh+S0+tL41wRMbdWtpWB8hEAMsOXDumSSa6qJR89U0S/PpLXrGF7Wk/JykfpWNokERUpCeHDl47wA== }
    engines: { node: '>=12' }
    cpu: [ arm64 ]
    os: [ freebsd ]
    requiresBuild: true
    dev: false
    optional: true

  /esbuild-linux-32@0.15.18:
    resolution: { integrity: sha512-lphF3HiCSYtaa9p1DtXndiQEeQDKPl9eN/XNoBf2amEghugNuqXNZA/ZovthNE2aa4EN43WroO0B85xVSjYkbg== }
    engines: { node: '>=12' }
    cpu: [ ia32 ]
    os: [ linux ]
    requiresBuild: true
    dev: false
    optional: true

  /esbuild-linux-64@0.15.18:
    resolution: { integrity: sha512-hNSeP97IviD7oxLKFuii5sDPJ+QHeiFTFLoLm7NZQligur8poNOWGIgpQ7Qf8Balb69hptMZzyOBIPtY09GZYw== }
    engines: { node: '>=12' }
    cpu: [ x64 ]
    os: [ linux ]
    requiresBuild: true
    dev: false
    optional: true

  /esbuild-linux-arm64@0.15.18:
    resolution: { integrity: sha512-54qr8kg/6ilcxd+0V3h9rjT4qmjc0CccMVWrjOEM/pEcUzt8X62HfBSeZfT2ECpM7104mk4yfQXkosY8Quptug== }
    engines: { node: '>=12' }
    cpu: [ arm64 ]
    os: [ linux ]
    requiresBuild: true
    dev: false
    optional: true

  /esbuild-linux-arm@0.15.18:
    resolution: { integrity: sha512-UH779gstRblS4aoS2qpMl3wjg7U0j+ygu3GjIeTonCcN79ZvpPee12Qun3vcdxX+37O5LFxz39XeW2I9bybMVA== }
    engines: { node: '>=12' }
    cpu: [ arm ]
    os: [ linux ]
    requiresBuild: true
    dev: false
    optional: true

  /esbuild-linux-mips64le@0.15.18:
    resolution: { integrity: sha512-Mk6Ppwzzz3YbMl/ZZL2P0q1tnYqh/trYZ1VfNP47C31yT0K8t9s7Z077QrDA/guU60tGNp2GOwCQnp+DYv7bxQ== }
    engines: { node: '>=12' }
    cpu: [ mips64el ]
    os: [ linux ]
    requiresBuild: true
    dev: false
    optional: true

  /esbuild-linux-ppc64le@0.15.18:
    resolution: { integrity: sha512-b0XkN4pL9WUulPTa/VKHx2wLCgvIAbgwABGnKMY19WhKZPT+8BxhZdqz6EgkqCLld7X5qiCY2F/bfpUUlnFZ9w== }
    engines: { node: '>=12' }
    cpu: [ ppc64 ]
    os: [ linux ]
    requiresBuild: true
    dev: false
    optional: true

  /esbuild-linux-riscv64@0.15.18:
    resolution: { integrity: sha512-ba2COaoF5wL6VLZWn04k+ACZjZ6NYniMSQStodFKH/Pu6RxzQqzsmjR1t9QC89VYJxBeyVPTaHuBMCejl3O/xg== }
    engines: { node: '>=12' }
    cpu: [ riscv64 ]
    os: [ linux ]
    requiresBuild: true
    dev: false
    optional: true

  /esbuild-linux-s390x@0.15.18:
    resolution: { integrity: sha512-VbpGuXEl5FCs1wDVp93O8UIzl3ZrglgnSQ+Hu79g7hZu6te6/YHgVJxCM2SqfIila0J3k0csfnf8VD2W7u2kzQ== }
    engines: { node: '>=12' }
    cpu: [ s390x ]
    os: [ linux ]
    requiresBuild: true
    dev: false
    optional: true

  /esbuild-netbsd-64@0.15.18:
    resolution: { integrity: sha512-98ukeCdvdX7wr1vUYQzKo4kQ0N2p27H7I11maINv73fVEXt2kyh4K4m9f35U1K43Xc2QGXlzAw0K9yoU7JUjOg== }
    engines: { node: '>=12' }
    cpu: [ x64 ]
    os: [ netbsd ]
    requiresBuild: true
    dev: false
    optional: true

  /esbuild-openbsd-64@0.15.18:
    resolution: { integrity: sha512-yK5NCcH31Uae076AyQAXeJzt/vxIo9+omZRKj1pauhk3ITuADzuOx5N2fdHrAKPxN+zH3w96uFKlY7yIn490xQ== }
    engines: { node: '>=12' }
    cpu: [ x64 ]
    os: [ openbsd ]
    requiresBuild: true
    dev: false
    optional: true

  /esbuild-sunos-64@0.15.18:
    resolution: { integrity: sha512-On22LLFlBeLNj/YF3FT+cXcyKPEI263nflYlAhz5crxtp3yRG1Ugfr7ITyxmCmjm4vbN/dGrb/B7w7U8yJR9yw== }
    engines: { node: '>=12' }
    cpu: [ x64 ]
    os: [ sunos ]
    requiresBuild: true
    dev: false
    optional: true

  /esbuild-windows-32@0.15.18:
    resolution: { integrity: sha512-o+eyLu2MjVny/nt+E0uPnBxYuJHBvho8vWsC2lV61A7wwTWC3jkN2w36jtA+yv1UgYkHRihPuQsL23hsCYGcOQ== }
    engines: { node: '>=12' }
    cpu: [ ia32 ]
    os: [ win32 ]
    requiresBuild: true
    dev: false
    optional: true

  /esbuild-windows-64@0.15.18:
    resolution: { integrity: sha512-qinug1iTTaIIrCorAUjR0fcBk24fjzEedFYhhispP8Oc7SFvs+XeW3YpAKiKp8dRpizl4YYAhxMjlftAMJiaUw== }
    engines: { node: '>=12' }
    cpu: [ x64 ]
    os: [ win32 ]
    requiresBuild: true
    dev: false
    optional: true

  /esbuild-windows-arm64@0.15.18:
    resolution: { integrity: sha512-q9bsYzegpZcLziq0zgUi5KqGVtfhjxGbnksaBFYmWLxeV/S1fK4OLdq2DFYnXcLMjlZw2L0jLsk1eGoB522WXQ== }
    engines: { node: '>=12' }
    cpu: [ arm64 ]
    os: [ win32 ]
    requiresBuild: true
    dev: false
    optional: true

  /esbuild@0.15.18:
    resolution: { integrity: sha512-x/R72SmW3sSFRm5zrrIjAhCeQSAWoni3CmHEqfQrZIQTM3lVCdehdwuIqaOtfC2slvpdlLa62GYoN8SxT23m6Q== }
    engines: { node: '>=12' }
    hasBin: true
    requiresBuild: true
    optionalDependencies:
      '@esbuild/android-arm': 0.15.18
      '@esbuild/linux-loong64': 0.15.18
      esbuild-android-64: 0.15.18
      esbuild-android-arm64: 0.15.18
      esbuild-darwin-64: 0.15.18
      esbuild-darwin-arm64: 0.15.18
      esbuild-freebsd-64: 0.15.18
      esbuild-freebsd-arm64: 0.15.18
      esbuild-linux-32: 0.15.18
      esbuild-linux-64: 0.15.18
      esbuild-linux-arm: 0.15.18
      esbuild-linux-arm64: 0.15.18
      esbuild-linux-mips64le: 0.15.18
      esbuild-linux-ppc64le: 0.15.18
      esbuild-linux-riscv64: 0.15.18
      esbuild-linux-s390x: 0.15.18
      esbuild-netbsd-64: 0.15.18
      esbuild-openbsd-64: 0.15.18
      esbuild-sunos-64: 0.15.18
      esbuild-windows-32: 0.15.18
      esbuild-windows-64: 0.15.18
      esbuild-windows-arm64: 0.15.18
    dev: false

  /estree-walker@2.0.2:
    resolution: { integrity: sha512-Rfkk/Mp/DL7JVje3u18FxFujQlTNR2q6QfMSMB7AvCBx91NGj/ba3kCfza0f6dVDbw7YlRf/nDrn7pQrCCyQ/w== }
    dev: false

  /fs.realpath@1.0.0:
    resolution: { integrity: sha512-OO0pH2lK6a0hZnAdau5ItzHPI6pUlvI7jMVnxUQRtw4owF2wk8lOSabtGDCTP4Ggrg2MbGnWO9X8K1t4+fGMDw== }
    dev: false

  /fsevents@2.3.2:
    resolution: { integrity: sha512-xiqMQR4xAeHTuB9uWm+fFRcIOgKBMiOBP+eXiyT7jsgVCq1bkVygt00oASowB7EdtpOHaaPgKt812P9ab+DDKA== }
    engines: { node: ^8.16.0 || ^10.6.0 || >=11.0.0 }
    os: [ darwin ]
    requiresBuild: true
    dev: false
    optional: true

  /function-bind@1.1.1:
    resolution: { integrity: sha512-yIovAzMX49sF8Yl58fSCWJ5svSLuaibPxXQJFLmBObTuCr0Mf1KiPopGM9NiFjiYBCbfaa2Fh6breQ6ANVTI0A== }
    dev: false

  /glob@8.1.0:
    resolution: { integrity: sha512-r8hpEjiQEYlF2QU0df3dS+nxxSIreXQS1qRhMJM0Q5NDdR386C7jb7Hwwod8Fgiuex+k0GFjgft18yvxm5XoCQ== }
    engines: { node: '>=12' }
    dependencies:
      fs.realpath: 1.0.0
      inflight: 1.0.6
      inherits: 2.0.4
      minimatch: 5.1.6
      once: 1.4.0
    dev: false

  /has@1.0.3:
    resolution: { integrity: sha512-f2dvO0VU6Oej7RkWJGrehjbzMAjFp5/VKPp5tTpWIV4JHHZK1/BxbFRtf/siA2SWTe09caDmVtYYzWEIbBS4zw== }
    engines: { node: '>= 0.4.0' }
    dependencies:
      function-bind: 1.1.1
    dev: false

  /inflight@1.0.6:
    resolution: { integrity: sha512-k92I/b08q4wvFscXCLvqfsHCrjrF7yiXsQuIVvVE7N82W3+aqpzuUdBbfhWcy/FZR3/4IgflMgKLOsvPDrGCJA== }
    dependencies:
      once: 1.4.0
      wrappy: 1.0.2
    dev: false

  /inherits@2.0.4:
    resolution: { integrity: sha512-k/vGaX4/Yla3WzyMCvTQOXYeIHvqOKtnqBduzTHpzpQZzAskKMhZ2K+EnBiSM9zGSoIFeMpXKxa4dYeZIQqewQ== }
    dev: false

  /is-builtin-module@3.2.1:
    resolution: { integrity: sha512-BSLE3HnV2syZ0FK0iMA/yUGplUeMmNz4AW5fnTunbCIqZi4vG3WjJT9FHMy5D69xmAYBHXQhJdALdpwVxV501A== }
    engines: { node: '>=6' }
    dependencies:
      builtin-modules: 3.3.0
    dev: false

  /is-core-module@2.13.0:
    resolution: { integrity: sha512-Z7dk6Qo8pOCp3l4tsX2C5ZVas4V+UxwQodwZhLopL91TX8UyyHEXafPcyoeeWuLrwzHcr3igO78wNLwHJHsMCQ== }
    dependencies:
      has: 1.0.3
    dev: false

  /is-module@1.0.0:
    resolution: { integrity: sha512-51ypPSPCoTEIN9dy5Oy+h4pShgJmPCygKfyRCISBI+JoWT/2oJvK8QPxmwv7b/p239jXrm9M1mlQbyKJ5A152g== }
    dev: false

  /is-reference@1.2.1:
    resolution: { integrity: sha512-U82MsXXiFIrjCK4otLT+o2NA2Cd2g5MLoOVXUZjIOhLurrRxpEXzI8O0KZHr3IjLvlAH1kTPYSuqer5T9ZVBKQ== }
    dependencies:
      '@types/estree': 1.0.1
    dev: false

  /jsonschema@1.4.1:
    resolution: { integrity: sha512-S6cATIPVv1z0IlxdN+zUk5EPjkGCdnhN4wVSBlvoUO1tOLJootbo9CquNJmbIh4yikWHiUedhRYrNPn1arpEmQ== }
    dev: false

  /magic-string@0.27.0:
    resolution: { integrity: sha512-8UnnX2PeRAPZuN12svgR9j7M1uWMovg/CEnIwIG0LFkXSJJe4PdfUGiTGl8V9bsBHFUtfVINcSyYxd7q+kx9fA== }
    engines: { node: '>=12' }
    dependencies:
      '@jridgewell/sourcemap-codec': 1.4.15
    dev: false

  /minimatch@5.1.6:
    resolution: { integrity: sha512-lKwV/1brpG6mBUFHtb7NUmtABCb2WZZmm2wNiOA5hAb8VdCS4B3dtMWyvcoViccwAW/COERjXLt0zP1zXUN26g== }
    engines: { node: '>=10' }
    dependencies:
      brace-expansion: 2.0.1
    dev: false

  /once@1.4.0:
    resolution: { integrity: sha512-lNaJgI+2Q5URQBkccEKHTQOPaXdUxnZZElQTZY0MFUAuaEqe1E+Nyvgdz/aIyNi6Z9MzO5dv1H8n58/GELp3+w== }
    dependencies:
      wrappy: 1.0.2
    dev: false

  /path-parse@1.0.7:
    resolution: { integrity: sha512-LDJzPVEEEPR+y48z93A0Ed0yXb8pAByGWo/k5YYdYgpY2/2EsOsksJrq7lOHxryrVOn1ejG6oAp8ahvOIQD8sw== }
    dev: false

  /picomatch@2.3.1:
    resolution: { integrity: sha512-JU3teHTNjmE2VCGFzuY8EXzCDVwEqB2a8fsIvwaStHhAWJEeVd1o1QD80CU6+ZdEXXSLbSsuLwJjkCBWqRQUVA== }
    engines: { node: '>=8.6' }
    dev: false

  /randombytes@2.1.0:
    resolution: { integrity: sha512-vYl3iOX+4CKUWuxGi9Ukhie6fsqXqS9FE2Zaic4tNFD2N2QQaXOMFbuKK4QmDHC0JO6B1Zp41J0LpT0oR68amQ== }
    dependencies:
      safe-buffer: 5.2.1
    dev: false

  /resolve@1.22.4:
    resolution: { integrity: sha512-PXNdCiPqDqeUou+w1C2eTQbNfxKSuMxqTCuvlmmMsk1NWHL5fRrhY6Pl0qEYYc6+QqGClco1Qj8XnjPego4wfg== }
    hasBin: true
    dependencies:
      is-core-module: 2.13.0
      path-parse: 1.0.7
      supports-preserve-symlinks-flag: 1.0.0
    dev: false

  /rollup@3.28.0:
    resolution: { integrity: sha512-d7zhvo1OUY2SXSM6pfNjgD5+d0Nz87CUp4mt8l/GgVP3oBsPwzNvSzyu1me6BSG9JIgWNTVcafIXBIyM8yQ3yw== }
    engines: { node: '>=14.18.0', npm: '>=8.0.0' }
    hasBin: true
    optionalDependencies:
      fsevents: 2.3.2
    dev: false

  /safe-buffer@5.2.1:
    resolution: { integrity: sha512-rp3So07KcdmmKbGvgaNxQSJr7bGVSVk5S9Eq1F+ppbRo70+YeaDxkw5Dd8NPN+GD6bjnYm2VuPuCXmpuYvmCXQ== }
    dev: false

  /serialize-javascript@6.0.1:
    resolution: { integrity: sha512-owoXEFjWRllis8/M1Q+Cw5k8ZH40e3zhp/ovX+Xr/vi1qj6QesbyXXViFbpNvWvPNAD62SutwEXavefrLJWj7w== }
    dependencies:
      randombytes: 2.1.0
    dev: false

  /smob@1.4.0:
    resolution: { integrity: sha512-MqR3fVulhjWuRNSMydnTlweu38UhQ0HXM4buStD/S3mc/BzX3CuM9OmhyQpmtYCvoYdl5ris6TI0ZqH355Ymqg== }
    dev: false

  /source-map-support@0.5.21:
    resolution: { integrity: sha512-uBHU3L3czsIyYXKX88fdrGovxdSCoTGDRZ6SYXtSRxLZUzHg5P/66Ht6uoUlHu9EZod+inXhKo3qQgwXUT/y1w== }
    dependencies:
      buffer-from: 1.1.2
      source-map: 0.6.1
    dev: false

  /source-map@0.6.1:
    resolution: { integrity: sha512-UjgapumWlbMhkBgzT7Ykc5YXUT46F0iKu8SGXq0bcwP5dz/h0Plj6enJqjz1Zbq2l5WaqYnrVbwWOWMyF3F47g== }
    engines: { node: '>=0.10.0' }
    dev: false

  /supports-preserve-symlinks-flag@1.0.0:
    resolution: { integrity: sha512-ot0WnXS9fgdkgIcePe6RHNk1WA8+muPa6cSjeR3V8K27q9BB1rTE3R1p7Hv0z1ZyAc8s6Vvv8DIyWf681MAt0w== }
    engines: { node: '>= 0.4' }
    dev: false

  /terser@5.19.2:
    resolution: { integrity: sha512-qC5+dmecKJA4cpYxRa5aVkKehYsQKc+AHeKl0Oe62aYjBL8ZA33tTljktDHJSaxxMnbI5ZYw+o/S2DxxLu8OfA== }
    engines: { node: '>=10' }
    hasBin: true
    dependencies:
      '@jridgewell/source-map': 0.3.5
      acorn: 8.10.0
      commander: 2.20.3
      source-map-support: 0.5.21
    dev: false

  /tslib@2.6.2:
    resolution: { integrity: sha512-AEYxH93jGFPn/a2iVAwW87VuUIkR1FVUKB77NwMF7nBTDkDrrT/Hpt/IrCJ0QXhW27jTBDcf5ZY7w6RiqTMw2Q== }
    dev: false

  /typescript@4.9.5:
    resolution: { integrity: sha512-1FXk9E2Hm+QzZQ7z+McJiHL4NW1F2EzMu9Nq9i3zAaGqibafqYwCVU6WyWAuyQRRzOlxou8xZSyXLEN8oKj24g== }
    engines: { node: '>=4.2.0' }
    hasBin: true

  /wrappy@1.0.2:
    resolution: { integrity: sha512-l4Sp/DRseor9wL6EvV2+TuQn63dMkPjZ/sp9XkghTEbV9KlPS1xUsZ3u7/IQO4wxtcFB4bgpQPRcR3QCvezPcQ== }
    dev: false

  /yaml@2.3.1:
    resolution: { integrity: sha512-2eHWfjaoXgTBC2jNM1LRef62VQa0umtvRiDSk6HSzW7RvS5YtkabJrwYLLEKWBc8a5U2PTSCs+dJjUTJdlHsWQ== }
    engines: { node: '>= 14' }
    dev: false

  file:test-server:
    resolution: { directory: test-server, type: directory }
    name: do-functions-server
    hasBin: true
    dependencies:
      yaml: 2.3.1
    dev: false
