lockfileVersion: 5.4

importers:

  example:
    specifiers:
      do-functions: link:..\package
      do-functions-server: link:..\test-server
    dependencies:
      do-functions: link:../package
      do-functions-server: link:../test-server

  package:
    specifiers:
      '@fastify/error': ^3.0.0
      '@types/node': ^18.0.0
      esbuild: ^0.15.9
      jsonschema: ^1.4.1
      typescript: ^4.7.4
      yaml: ^2.1.1
    dependencies:
      '@fastify/error': 3.0.0
      esbuild: 0.15.9
      jsonschema: 1.4.1
      yaml: 2.1.1
    devDependencies:
      '@types/node': 18.7.21
      typescript: 4.8.3

  test-server:
    specifiers:
      '@types/node': ^18.0.0
      typescript: ^4.7.4
      yaml: ^2.1.1
    dependencies:
      yaml: 2.1.1
    devDependencies:
      '@types/node': 18.7.21
      typescript: 4.8.3

packages:

  /@esbuild/android-arm/0.15.9:
    resolution: { integrity: sha512-VZPy/ETF3fBG5PiinIkA0W/tlsvlEgJccyN2DzWZEl0DlVKRbu91PvY2D6Lxgluj4w9QtYHjOWjAT44C+oQ+EQ== }
    engines: { node: '>=12' }
    cpu: [ arm ]
    os: [ android ]
    requiresBuild: true
    dev: false
    optional: true

  /@esbuild/linux-loong64/0.15.9:
    resolution: { integrity: sha512-O+NfmkfRrb3uSsTa4jE3WApidSe3N5++fyOVGP1SmMZi4A3BZELkhUUvj5hwmMuNdlpzAZ8iAPz2vmcR7DCFQA== }
    engines: { node: '>=12' }
    cpu: [ loong64 ]
    os: [ linux ]
    requiresBuild: true
    dev: false
    optional: true

  /@fastify/error/3.0.0:
    resolution: { integrity: sha512-dPRyT40GiHRzSCll3/Jn2nPe25+E1VXc9tDwRAIKwFCxd5Np5wzgz1tmooWG3sV0qKgrBibihVoCna2ru4SEFg== }
    dev: false

  /@types/node/18.7.21:
    resolution: { integrity: sha512-rLFzK5bhM0YPyCoTC8bolBjMk7bwnZ8qeZUBslBfjZQou2ssJdWslx9CZ8DGM+Dx7QXQiiTVZ/6QO6kwtHkZCA== }
    dev: true

  /esbuild-android-64/0.15.9:
    resolution: { integrity: sha512-HQCX7FJn9T4kxZQkhPjNZC7tBWZqJvhlLHPU2SFzrQB/7nDXjmTIFpFTjt7Bd1uFpeXmuwf5h5fZm+x/hLnhbw== }
    engines: { node: '>=12' }
    cpu: [ x64 ]
    os: [ android ]
    requiresBuild: true
    dev: false
    optional: true

  /esbuild-android-arm64/0.15.9:
    resolution: { integrity: sha512-E6zbLfqbFVCNEKircSHnPiSTsm3fCRxeIMPfrkS33tFjIAoXtwegQfVZqMGR0FlsvVxp2NEDOUz+WW48COCjSg== }
    engines: { node: '>=12' }
    cpu: [ arm64 ]
    os: [ android ]
    requiresBuild: true
    dev: false
    optional: true

  /esbuild-darwin-64/0.15.9:
    resolution: { integrity: sha512-gI7dClcDN/HHVacZhTmGjl0/TWZcGuKJ0I7/xDGJwRQQn7aafZGtvagOFNmuOq+OBFPhlPv1T6JElOXb0unkSQ== }
    engines: { node: '>=12' }
    cpu: [ x64 ]
    os: [ darwin ]
    requiresBuild: true
    dev: false
    optional: true

  /esbuild-darwin-arm64/0.15.9:
    resolution: { integrity: sha512-VZIMlcRN29yg/sv7DsDwN+OeufCcoTNaTl3Vnav7dL/nvsApD7uvhVRbgyMzv0zU/PP0xRhhIpTyc7lxEzHGSw== }
    engines: { node: '>=12' }
    cpu: [ arm64 ]
    os: [ darwin ]
    requiresBuild: true
    dev: false
    optional: true

  /esbuild-freebsd-64/0.15.9:
    resolution: { integrity: sha512-uM4z5bTvuAXqPxrI204txhlsPIolQPWRMLenvGuCPZTnnGlCMF2QLs0Plcm26gcskhxewYo9LkkmYSS5Czrb5A== }
    engines: { node: '>=12' }
    cpu: [ x64 ]
    os: [ freebsd ]
    requiresBuild: true
    dev: false
    optional: true

  /esbuild-freebsd-arm64/0.15.9:
    resolution: { integrity: sha512-HHDjT3O5gWzicGdgJ5yokZVN9K9KG05SnERwl9nBYZaCjcCgj/sX8Ps1jvoFSfNCO04JSsHSOWo4qvxFuj8FoA== }
    engines: { node: '>=12' }
    cpu: [ arm64 ]
    os: [ freebsd ]
    requiresBuild: true
    dev: false
    optional: true

  /esbuild-linux-32/0.15.9:
    resolution: { integrity: sha512-AQIdE8FugGt1DkcekKi5ycI46QZpGJ/wqcMr7w6YUmOmp2ohQ8eO4sKUsOxNOvYL7hGEVwkndSyszR6HpVHLFg== }
    engines: { node: '>=12' }
    cpu: [ ia32 ]
    os: [ linux ]
    requiresBuild: true
    dev: false
    optional: true

  /esbuild-linux-64/0.15.9:
    resolution: { integrity: sha512-4RXjae7g6Qs7StZyiYyXTZXBlfODhb1aBVAjd+ANuPmMhWthQilWo7rFHwJwL7DQu1Fjej2sODAVwLbcIVsAYQ== }
    engines: { node: '>=12' }
    cpu: [ x64 ]
    os: [ linux ]
    requiresBuild: true
    dev: false
    optional: true

  /esbuild-linux-arm/0.15.9:
    resolution: { integrity: sha512-3Zf2GVGUOI7XwChH3qrnTOSqfV1V4CAc/7zLVm4lO6JT6wbJrTgEYCCiNSzziSju+J9Jhf9YGWk/26quWPC6yQ== }
    engines: { node: '>=12' }
    cpu: [ arm ]
    os: [ linux ]
    requiresBuild: true
    dev: false
    optional: true

  /esbuild-linux-arm64/0.15.9:
    resolution: { integrity: sha512-a+bTtxJmYmk9d+s2W4/R1SYKDDAldOKmWjWP0BnrWtDbvUBNOm++du0ysPju4mZVoEFgS1yLNW+VXnG/4FNwdQ== }
    engines: { node: '>=12' }
    cpu: [ arm64 ]
    os: [ linux ]
    requiresBuild: true
    dev: false
    optional: true

  /esbuild-linux-mips64le/0.15.9:
    resolution: { integrity: sha512-Zn9HSylDp89y+TRREMDoGrc3Z4Hs5u56ozZLQCiZAUx2+HdbbXbWdjmw3FdTJ/i7t5Cew6/Q+6kfO3KCcFGlyw== }
    engines: { node: '>=12' }
    cpu: [ mips64el ]
    os: [ linux ]
    requiresBuild: true
    dev: false
    optional: true

  /esbuild-linux-ppc64le/0.15.9:
    resolution: { integrity: sha512-OEiOxNAMH9ENFYqRsWUj3CWyN3V8P3ZXyfNAtX5rlCEC/ERXrCEFCJji/1F6POzsXAzxvUJrTSTCy7G6BhA6Fw== }
    engines: { node: '>=12' }
    cpu: [ ppc64 ]
    os: [ linux ]
    requiresBuild: true
    dev: false
    optional: true

  /esbuild-linux-riscv64/0.15.9:
    resolution: { integrity: sha512-ukm4KsC3QRausEFjzTsOZ/qqazw0YvJsKmfoZZm9QW27OHjk2XKSQGGvx8gIEswft/Sadp03/VZvAaqv5AIwNA== }
    engines: { node: '>=12' }
    cpu: [ riscv64 ]
    os: [ linux ]
    requiresBuild: true
    dev: false
    optional: true

  /esbuild-linux-s390x/0.15.9:
    resolution: { integrity: sha512-uDOQEH55wQ6ahcIKzQr3VyjGc6Po/xblLGLoUk3fVL1qjlZAibtQr6XRfy5wPJLu/M2o0vQKLq4lyJ2r1tWKcw== }
    engines: { node: '>=12' }
    cpu: [ s390x ]
    os: [ linux ]
    requiresBuild: true
    dev: false
    optional: true

  /esbuild-netbsd-64/0.15.9:
    resolution: { integrity: sha512-yWgxaYTQz+TqX80wXRq6xAtb7GSBAp6gqLKfOdANg9qEmAI1Bxn04IrQr0Mzm4AhxvGKoHzjHjMgXbCCSSDxcw== }
    engines: { node: '>=12' }
    cpu: [ x64 ]
    os: [ netbsd ]
    requiresBuild: true
    dev: false
    optional: true

  /esbuild-openbsd-64/0.15.9:
    resolution: { integrity: sha512-JmS18acQl4iSAjrEha1MfEmUMN4FcnnrtTaJ7Qg0tDCOcgpPPQRLGsZqhes0vmx8VA6IqRyScqXvaL7+Q0Uf3A== }
    engines: { node: '>=12' }
    cpu: [ x64 ]
    os: [ openbsd ]
    requiresBuild: true
    dev: false
    optional: true

  /esbuild-sunos-64/0.15.9:
    resolution: { integrity: sha512-UKynGSWpzkPmXW3D2UMOD9BZPIuRaSqphxSCwScfEE05Be3KAmvjsBhht1fLzKpiFVJb0BYMd4jEbWMyJ/z1hQ== }
    engines: { node: '>=12' }
    cpu: [ x64 ]
    os: [ sunos ]
    requiresBuild: true
    dev: false
    optional: true

  /esbuild-windows-32/0.15.9:
    resolution: { integrity: sha512-aqXvu4/W9XyTVqO/hw3rNxKE1TcZiEYHPsXM9LwYmKSX9/hjvfIJzXwQBlPcJ/QOxedfoMVH0YnhhQ9Ffb0RGA== }
    engines: { node: '>=12' }
    cpu: [ ia32 ]
    os: [ win32 ]
    requiresBuild: true
    dev: false
    optional: true

  /esbuild-windows-64/0.15.9:
    resolution: { integrity: sha512-zm7h91WUmlS4idMtjvCrEeNhlH7+TNOmqw5dJPJZrgFaxoFyqYG6CKDpdFCQXdyKpD5yvzaQBOMVTCBVKGZDEg== }
    engines: { node: '>=12' }
    cpu: [ x64 ]
    os: [ win32 ]
    requiresBuild: true
    dev: false
    optional: true

  /esbuild-windows-arm64/0.15.9:
    resolution: { integrity: sha512-yQEVIv27oauAtvtuhJVfSNMztJJX47ismRS6Sv2QMVV9RM+6xjbMWuuwM2nxr5A2/gj/mu2z9YlQxiwoFRCfZA== }
    engines: { node: '>=12' }
    cpu: [ arm64 ]
    os: [ win32 ]
    requiresBuild: true
    dev: false
    optional: true

  /esbuild/0.15.9:
    resolution: { integrity: sha512-OnYr1rkMVxtmMHIAKZLMcEUlJmqcbxBz9QoBU8G9v455na0fuzlT/GLu6l+SRghrk0Mm2fSSciMmzV43Q8e0Gg== }
    engines: { node: '>=12' }
    hasBin: true
    requiresBuild: true
    optionalDependencies:
      '@esbuild/android-arm': 0.15.9
      '@esbuild/linux-loong64': 0.15.9
      esbuild-android-64: 0.15.9
      esbuild-android-arm64: 0.15.9
      esbuild-darwin-64: 0.15.9
      esbuild-darwin-arm64: 0.15.9
      esbuild-freebsd-64: 0.15.9
      esbuild-freebsd-arm64: 0.15.9
      esbuild-linux-32: 0.15.9
      esbuild-linux-64: 0.15.9
      esbuild-linux-arm: 0.15.9
      esbuild-linux-arm64: 0.15.9
      esbuild-linux-mips64le: 0.15.9
      esbuild-linux-ppc64le: 0.15.9
      esbuild-linux-riscv64: 0.15.9
      esbuild-linux-s390x: 0.15.9
      esbuild-netbsd-64: 0.15.9
      esbuild-openbsd-64: 0.15.9
      esbuild-sunos-64: 0.15.9
      esbuild-windows-32: 0.15.9
      esbuild-windows-64: 0.15.9
      esbuild-windows-arm64: 0.15.9
    dev: false

  /jsonschema/1.4.1:
    resolution: { integrity: sha512-S6cATIPVv1z0IlxdN+zUk5EPjkGCdnhN4wVSBlvoUO1tOLJootbo9CquNJmbIh4yikWHiUedhRYrNPn1arpEmQ== }
    dev: false

  /typescript/4.8.3:
    resolution: { integrity: sha512-goMHfm00nWPa8UvR/CPSvykqf6dVV8x/dp0c5mFTMTIu0u0FlGWRioyy7Nn0PGAdHxpJZnuO/ut+PpQ8UiHAig== }
    engines: { node: '>=4.2.0' }
    hasBin: true
    dev: true

  /yaml/2.1.1:
    resolution: { integrity: sha512-o96x3OPo8GjWeSLF+wOAbrPfhFOGY0W00GNaxCDv+9hkcDJEnev1yh8S7pgHF0ik6zc8sQLuL8hjHjJULZp8bw== }
    engines: { node: '>= 14' }
    dev: false
